
Microsoft Visual Studio Solution File, Format Version 12.00
# Visual Studio 15
VisualStudioVersion = 15.0.26124.0
MinimumVisualStudioVersion = 15.0.26124.0
Project("{F2A71F9B-5D33-465A-A702-920D77279786}") = "OrleansWebAPI", "OrleansWebAPI\OrleansWebAPI.fsproj", "{1470E659-C225-4875-861B-A48338C37116}"
EndProject
Project("{F2A71F9B-5D33-465A-A702-920D77279786}") = "Grains", "Grains\Grains.fsproj", "{82FA6A91-ACEB-40E8-A875-3F1D6E60BB63}"
EndProject
Project("{F2A71F9B-5D33-465A-A702-920D77279786}") = "GrainInterfaces", "GrainInterfaces\GrainInterfaces.fsproj", "{5D46935A-F2BF-48C0-B54E-807448E30DBC}"
EndProject
Global
	GlobalSection(SolutionConfigurationPlatforms) = preSolution
		Debug|Any CPU = Debug|Any CPU
		Debug|x64 = Debug|x64
		Debug|x86 = Debug|x86
		Release|Any CPU = Release|Any CPU
		Release|x64 = Release|x64
		Release|x86 = Release|x86
	EndGlobalSection
	GlobalSection(SolutionProperties) = preSolution
		HideSolutionNode = FALSE
	EndGlobalSection
	GlobalSection(ProjectConfigurationPlatforms) = postSolution
		{1470E659-C225-4875-861B-A48338C37116}.Debug|Any CPU.ActiveCfg = Debug|Any CPU
		{1470E659-C225-4875-861B-A48338C37116}.Debug|Any CPU.Build.0 = Debug|Any CPU
		{1470E659-C225-4875-861B-A48338C37116}.Debug|x64.ActiveCfg = Debug|Any CPU
		{1470E659-C225-4875-861B-A48338C37116}.Debug|x64.Build.0 = Debug|Any CPU
		{1470E659-C225-4875-861B-A48338C37116}.Debug|x86.ActiveCfg = Debug|Any CPU
		{1470E659-C225-4875-861B-A48338C37116}.Debug|x86.Build.0 = Debug|Any CPU
		{1470E659-C225-4875-861B-A48338C37116}.Release|Any CPU.ActiveCfg = Release|Any CPU
		{1470E659-C225-4875-861B-A48338C37116}.Release|Any CPU.Build.0 = Release|Any CPU
		{1470E659-C225-4875-861B-A48338C37116}.Release|x64.ActiveCfg = Release|Any CPU
		{1470E659-C225-4875-861B-A48338C37116}.Release|x64.Build.0 = Release|Any CPU
		{1470E659-C225-4875-861B-A48338C37116}.Release|x86.ActiveCfg = Release|Any CPU
		{1470E659-C225-4875-861B-A48338C37116}.Release|x86.Build.0 = Release|Any CPU
		{82FA6A91-ACEB-40E8-A875-3F1D6E60BB63}.Debug|Any CPU.ActiveCfg = Debug|Any CPU
		{82FA6A91-ACEB-40E8-A875-3F1D6E60BB63}.Debug|Any CPU.Build.0 = Debug|Any CPU
		{82FA6A91-ACEB-40E8-A875-3F1D6E60BB63}.Debug|x64.ActiveCfg = Debug|Any CPU
		{82FA6A91-ACEB-40E8-A875-3F1D6E60BB63}.Debug|x64.Build.0 = Debug|Any CPU
		{82FA6A91-ACEB-40E8-A875-3F1D6E60BB63}.Debug|x86.ActiveCfg = Debug|Any CPU
		{82FA6A91-ACEB-40E8-A875-3F1D6E60BB63}.Debug|x86.Build.0 = Debug|Any CPU
		{82FA6A91-ACEB-40E8-A875-3F1D6E60BB63}.Release|Any CPU.ActiveCfg = Release|Any CPU
		{82FA6A91-ACEB-40E8-A875-3F1D6E60BB63}.Release|Any CPU.Build.0 = Release|Any CPU
		{82FA6A91-ACEB-40E8-A875-3F1D6E60BB63}.Release|x64.ActiveCfg = Release|Any CPU
		{82FA6A91-ACEB-40E8-A875-3F1D6E60BB63}.Release|x64.Build.0 = Release|Any CPU
		{82FA6A91-ACEB-40E8-A875-3F1D6E60BB63}.Release|x86.ActiveCfg = Release|Any CPU
		{82FA6A91-ACEB-40E8-A875-3F1D6E60BB63}.Release|x86.Build.0 = Release|Any CPU
		{5D46935A-F2BF-48C0-B54E-807448E30DBC}.Debug|Any CPU.ActiveCfg = Debug|Any CPU
		{5D46935A-F2BF-48C0-B54E-807448E30DBC}.Debug|Any CPU.Build.0 = Debug|Any CPU
		{5D46935A-F2BF-48C0-B54E-807448E30DBC}.Debug|x64.ActiveCfg = Debug|Any CPU
		{5D46935A-F2BF-48C0-B54E-807448E30DBC}.Debug|x64.Build.0 = Debug|Any CPU
		{5D46935A-F2BF-48C0-B54E-807448E30DBC}.Debug|x86.ActiveCfg = Debug|Any CPU
		{5D46935A-F2BF-48C0-B54E-807448E30DBC}.Debug|x86.Build.0 = Debug|Any CPU
		{5D46935A-F2BF-48C0-B54E-807448E30DBC}.Release|Any CPU.ActiveCfg = Release|Any CPU
		{5D46935A-F2BF-48C0-B54E-807448E30DBC}.Release|Any CPU.Build.0 = Release|Any CPU
		{5D46935A-F2BF-48C0-B54E-807448E30DBC}.Release|x64.ActiveCfg = Release|Any CPU
		{5D46935A-F2BF-48C0-B54E-807448E30DBC}.Release|x64.Build.0 = Release|Any CPU
		{5D46935A-F2BF-48C0-B54E-807448E30DBC}.Release|x86.ActiveCfg = Release|Any CPU
		{5D46935A-F2BF-48C0-B54E-807448E30DBC}.Release|x86.Build.0 = Release|Any CPU
	EndGlobalSection
EndGlobal
